# This file is automatically @generated by Cargo.
# It is not intended for manual editing.
version = 4

[[package]]
name = "gpl-fixture"
version = "0.1.0"

[[package]]
name = "licenses-fixture-app"
version = "0.1.0"
dependencies = [
 "gpl-fixture",
 "nolicense-fixture",
]

[[package]]
name = "nolicense-fixture"
version = "0.1.0"
